{
  "nodes": {
    "lowdown-src": {
      "flake": false,
      "locked": {
        "lastModified": 1617481909,
        "narHash": "sha256-SqnfOFuLuVRRNeVJr1yeEPJue/qWoCp5N6o5Kr///p4=",
        "owner": "kristapsdz",
        "repo": "lowdown",
        "rev": "148f9b2f586c41b7e36e73009db43ea68c7a1a4d",
        "type": "github"
      },
      "original": {
        "owner": "kristapsdz",
        "ref": "VERSION_0_8_4",
        "repo": "lowdown",
        "type": "github"
      }
    },
    "nixpkgs": {
      "locked": {
        "lastModified": 1624862269,
        "narHash": "sha256-JFcsh2+7QtfKdJFoPibLFPLgIW6Ycnv8Bts9a7RYme0=",
        "owner": "NixOS",
        "repo": "nixpkgs",
        "rev": "f77036342e2b690c61c97202bf48f2ce13acc022",
        "type": "github"
      },
      "original": {
        "id": "nixpkgs",
        "ref": "nixos-21.05-small",
        "type": "indirect"
      }
    },
    "root": {
      "inputs": {
        "lowdown-src": "lowdown-src",
        "nixpkgs": "nixpkgs"
      }
    }
  },
  "root": "root",
  "version": 7
}
