{
  "nodes": {
    "lowdown-src": {
      "flake": false,
      "locked": {
        "lastModified": 1598296217,
        "narHash": "sha256-ha7lyNY1d8m+osmDpPc9f/bfZ3ZC1IVIXwfyklSWg8I=",
        "owner": "edolstra",
        "repo": "lowdown",
        "rev": "c7a4e715af1e233080842db82d15b261cb74cb28",
        "type": "github"
      },
      "original": {
        "owner": "edolstra",
        "ref": "no-structs-in-anonymous-unions",
        "repo": "lowdown",
        "type": "github"
      }
    },
    "nixpkgs": {
      "locked": {
        "lastModified": 1591633336,
        "narHash": "sha256-oVXv4xAnDJB03LvZGbC72vSVlIbbJr8tpjEW5o/Fdek=",
        "owner": "NixOS",
        "repo": "nixpkgs",
        "rev": "70717a337f7ae4e486ba71a500367cad697e5f09",
        "type": "github"
      },
      "original": {
        "id": "nixpkgs",
        "ref": "nixos-20.03-small",
        "type": "indirect"
      }
    },
    "root": {
      "inputs": {
        "lowdown-src": "lowdown-src",
        "nixpkgs": "nixpkgs"
      }
    }
  },
  "root": "root",
  "version": 7
}
